
Microsoft Visual Studio Solution File, Format Version 12.00
# Visual Studio Version 16
VisualStudioVersion = 16.0.32510.428
MinimumVisualStudioVersion = 10.0.40219.1
Project("{FAE04EC0-301F-11D3-BF4B-00C04F79EFBC}") = "AlgorithmCourse_part2", "AlgorithmCourse_part2\AlgorithmCourse_part2.csproj", "{96F3D9E2-DDCF-41B4-B2E4-BE51A944B11E}"
EndProject
Global
	GlobalSection(SolutionConfigurationPlatforms) = preSolution
		Debug|Any CPU = Debug|Any CPU
		Release|Any CPU = Release|Any CPU
	EndGlobalSection
	GlobalSection(ProjectConfigurationPlatforms) = postSolution
		{96F3D9E2-DDCF-41B4-B2E4-BE51A944B11E}.Debug|Any CPU.ActiveCfg = Debug|Any CPU
		{96F3D9E2-DDCF-41B4-B2E4-BE51A944B11E}.Debug|Any CPU.Build.0 = Debug|Any CPU
		{96F3D9E2-DDCF-41B4-B2E4-BE51A944B11E}.Release|Any CPU.ActiveCfg = Release|Any CPU
		{96F3D9E2-DDCF-41B4-B2E4-BE51A944B11E}.Release|Any CPU.Build.0 = Release|Any CPU
	EndGlobalSection
	GlobalSection(SolutionProperties) = preSolution
		HideSolutionNode = FALSE
	EndGlobalSection
	GlobalSection(ExtensibilityGlobals) = postSolution
		SolutionGuid = {08CC89A8-AF72-4C9C-A01F-E61A6ADF6990}
	EndGlobalSection
EndGlobal
